
Microsoft Visual Studio Solution File, Format Version 12.00
# Visual Studio Version 17
VisualStudioVersion = 17.9.34728.123
MinimumVisualStudioVersion = 10.0.40219.1
Project("{FAE04EC0-301F-11D3-BF4B-00C04F79EFBC}") = "LibraryManagementSystem", "LibraryManagementSystem\LibraryManagementSystem.csproj", "{8F585584-3369-4928-BFE2-E4BF399E20B5}"
EndProject
Project("{FAE04EC0-301F-11D3-BF4B-00C04F79EFBC}") = "LMS.Domain", "LMS.Domain\LMS.Domain.csproj", "{985778C5-C61F-4B2B-BBE2-CB69D23A58C8}"
EndProject
Project("{FAE04EC0-301F-11D3-BF4B-00C04F79EFBC}") = "LMS.DataAccess", "LMS.DataAccess\LMS.DataAccess.csproj", "{1F8F7FEF-036E-4FE4-B214-E9C3DAD5B732}"
EndProject
Project("{FAE04EC0-301F-11D3-BF4B-00C04F79EFBC}") = "LMS.Services", "LMS.Services\LMS.Services.csproj", "{43582EC5-FB31-4668-87B2-E133E64CC6C1}"
EndProject
Global
	GlobalSection(SolutionConfigurationPlatforms) = preSolution
		Debug|Any CPU = Debug|Any CPU
		Release|Any CPU = Release|Any CPU
	EndGlobalSection
	GlobalSection(ProjectConfigurationPlatforms) = postSolution
		{8F585584-3369-4928-BFE2-E4BF399E20B5}.Debug|Any CPU.ActiveCfg = Debug|Any CPU
		{8F585584-3369-4928-BFE2-E4BF399E20B5}.Debug|Any CPU.Build.0 = Debug|Any CPU
		{8F585584-3369-4928-BFE2-E4BF399E20B5}.Release|Any CPU.ActiveCfg = Release|Any CPU
		{8F585584-3369-4928-BFE2-E4BF399E20B5}.Release|Any CPU.Build.0 = Release|Any CPU
		{985778C5-C61F-4B2B-BBE2-CB69D23A58C8}.Debug|Any CPU.ActiveCfg = Debug|Any CPU
		{985778C5-C61F-4B2B-BBE2-CB69D23A58C8}.Debug|Any CPU.Build.0 = Debug|Any CPU
		{985778C5-C61F-4B2B-BBE2-CB69D23A58C8}.Release|Any CPU.ActiveCfg = Release|Any CPU
		{985778C5-C61F-4B2B-BBE2-CB69D23A58C8}.Release|Any CPU.Build.0 = Release|Any CPU
		{1F8F7FEF-036E-4FE4-B214-E9C3DAD5B732}.Debug|Any CPU.ActiveCfg = Debug|Any CPU
		{1F8F7FEF-036E-4FE4-B214-E9C3DAD5B732}.Debug|Any CPU.Build.0 = Debug|Any CPU
		{1F8F7FEF-036E-4FE4-B214-E9C3DAD5B732}.Release|Any CPU.ActiveCfg = Release|Any CPU
		{1F8F7FEF-036E-4FE4-B214-E9C3DAD5B732}.Release|Any CPU.Build.0 = Release|Any CPU
		{43582EC5-FB31-4668-87B2-E133E64CC6C1}.Debug|Any CPU.ActiveCfg = Debug|Any CPU
		{43582EC5-FB31-4668-87B2-E133E64CC6C1}.Debug|Any CPU.Build.0 = Debug|Any CPU
		{43582EC5-FB31-4668-87B2-E133E64CC6C1}.Release|Any CPU.ActiveCfg = Release|Any CPU
		{43582EC5-FB31-4668-87B2-E133E64CC6C1}.Release|Any CPU.Build.0 = Release|Any CPU
	EndGlobalSection
	GlobalSection(SolutionProperties) = preSolution
		HideSolutionNode = FALSE
	EndGlobalSection
	GlobalSection(ExtensibilityGlobals) = postSolution
		SolutionGuid = {62E54624-4D21-49B1-A412-7753E5C9783A}
	EndGlobalSection
EndGlobal
